PODS:
  - IBMWatsonNaturalLanguageUnderstandingV1 (2.1.1):
    - IBMWatsonRestKit (~> 3.0.0)
  - IBMWatsonRestKit (3.0.3)
  - SwiftyJSON (4.3.0)

DEPENDENCIES:
  - IBMWatsonNaturalLanguageUnderstandingV1 (~> 2.1.1)
  - SwiftyJSON (~> 4.0)

SPEC REPOS:
  https://github.com/cocoapods/specs.git:
    - IBMWatsonNaturalLanguageUnderstandingV1
    - IBMWatsonRestKit
    - SwiftyJSON

SPEC CHECKSUMS:
  IBMWatsonNaturalLanguageUnderstandingV1: fea795883627b34494636ce4e20f6ff9201196e6
  IBMWatsonRestKit: 47dcac7ccc12e0d15a948b79e481e0e0abacb057
  SwiftyJSON: 6faa0040f8b59dead0ee07436cbf76b73c08fd08

PODFILE CHECKSUM: 58cf766f228a86b153a997fc66bd0bdee834d259

COCOAPODS: 1.7.5
